
Microsoft Visual Studio Solution File, Format Version 12.00
# Visual Studio 15
VisualStudioVersion = 15.0.28010.2046
MinimumVisualStudioVersion = 10.0.40219.1
Project("{FAE04EC0-301F-11D3-BF4B-00C04F79EFBC}") = "WebApplication1", "WebApplication1\WebApplication1.csproj", "{F8996F73-6A4A-46E9-9295-3035D048A95C}"
EndProject
Global
	GlobalSection(SolutionConfigurationPlatforms) = preSolution
		Debug|Any CPU = Debug|Any CPU
		Release|Any CPU = Release|Any CPU
	EndGlobalSection
	GlobalSection(ProjectConfigurationPlatforms) = postSolution
		{F8996F73-6A4A-46E9-9295-3035D048A95C}.Debug|Any CPU.ActiveCfg = Debug|Any CPU
		{F8996F73-6A4A-46E9-9295-3035D048A95C}.Debug|Any CPU.Build.0 = Debug|Any CPU
		{F8996F73-6A4A-46E9-9295-3035D048A95C}.Release|Any CPU.ActiveCfg = Release|Any CPU
		{F8996F73-6A4A-46E9-9295-3035D048A95C}.Release|Any CPU.Build.0 = Release|Any CPU
	EndGlobalSection
	GlobalSection(SolutionProperties) = preSolution
		HideSolutionNode = FALSE
	EndGlobalSection
	GlobalSection(ExtensibilityGlobals) = postSolution
		SolutionGuid = {F97614F0-9745-4665-A790-815A8AEFDB86}
	EndGlobalSection
EndGlobal
